// !$*UTF8*$!
{
	archiveVersion = 1;
	classes = {
	};
	objectVersion = 54;
	objects = {

/* Begin PBXBuildFile section */
		9A1CEC38285F94CF001ED6E1 /* _factory.cpp in Sources */ = {isa = PBXBuildFile; fileRef = 9A1CEC36285F94CF001ED6E1 /* _factory.cpp */; };
		9A5D24E82F5B08D800103AC2 /* incoming_socket.h in Headers */ = {isa = PBXBuildFile; fileRef = 9A5D24DF2F5B08D800103AC2 /* incoming_socket.h */; };
		9A5D24E92F5B08D800103AC2 /* _.h in Headers */ = {isa = PBXBuildFile; fileRef = 9A5D24E32F5B08D800103AC2 /* _.h */; };
		9A5D24EA2F5B08D800103AC2 /* application.h in Headers */ = {isa = PBXBuildFile; fileRef = 9A5D24DD2F5B08D800103AC2 /* application.h */; };
		9A5D24EB2F5B08D800103AC2 /* install_net.h in Headers */ = {isa = PBXBuildFile; fileRef = 9A5D24E42F5B08D800103AC2 /* install_net.h */; };
		9A5D24ED2F5B08D800103AC2 /* socket.h in Headers */ = {isa = PBXBuildFile; fileRef = 9A5D24E52F5B08D800103AC2 /* socket.h */; };
		9A5D24EE2F5B08D800103AC2 /* incoming_socket_thread.h in Headers */ = {isa = PBXBuildFile; fileRef = 9A5D24E12F5B08D800103AC2 /* incoming_socket_thread.h */; };
		9A5D24F02F5B08D800103AC2 /* application.cpp in Sources */ = {isa = PBXBuildFile; fileRef = 9A5D24DE2F5B08D800103AC2 /* application.cpp */; };
		9A5D24F12F5B08D800103AC2 /* incoming_socket_thread.cpp in Sources */ = {isa = PBXBuildFile; fileRef = 9A5D24E22F5B08D800103AC2 /* incoming_socket_thread.cpp */; };
		9A5D24F22F5B08D800103AC2 /* incoming_socket.cpp in Sources */ = {isa = PBXBuildFile; fileRef = 9A5D24E02F5B08D800103AC2 /* incoming_socket.cpp */; };
		9A5D24F32F5B08D800103AC2 /* socket.cpp in Sources */ = {isa = PBXBuildFile; fileRef = 9A5D24E62F5B08D800103AC2 /* socket.cpp */; };
		9A8C832B278458D8000C8587 /* main_frame.cpp in Sources */ = {isa = PBXBuildFile; fileRef = 9A8C81D2278458CF000C8587 /* main_frame.cpp */; };
		9A8C832E278458D8000C8587 /* framework.cpp in Sources */ = {isa = PBXBuildFile; fileRef = 9A8C81E2278458D0000C8587 /* framework.cpp */; };
		9A8C832F278458D8000C8587 /* application.h in Headers */ = {isa = PBXBuildFile; fileRef = 9A8C81E3278458D0000C8587 /* application.h */; };
		9A8C8343278458D8000C8587 /* impact.h in Headers */ = {isa = PBXBuildFile; fileRef = 9A8C829D278458D2000C8587 /* impact.h */; };
		9A8C8345278458D8000C8587 /* impact.cpp in Sources */ = {isa = PBXBuildFile; fileRef = 9A8C82B5278458D3000C8587 /* impact.cpp */; };
		9A8C8346278458D8000C8587 /* targetver.h in Headers */ = {isa = PBXBuildFile; fileRef = 9A8C82B6278458D3000C8587 /* targetver.h */; };
		9A8C8347278458D8000C8587 /* _.cpp in Sources */ = {isa = PBXBuildFile; fileRef = 9A8C82B8278458D3000C8587 /* _.cpp */; };
		9A8C834C278458D8000C8587 /* framework.h in Headers */ = {isa = PBXBuildFile; fileRef = 9A8C82D3278458D5000C8587 /* framework.h */; };
		9A8C834E278458D8000C8587 /* application.cpp in Sources */ = {isa = PBXBuildFile; fileRef = 9A8C82D7278458D5000C8587 /* application.cpp */; };
		9A8C8350278458D8000C8587 /* main_frame.h in Headers */ = {isa = PBXBuildFile; fileRef = 9A8C830B278458D5000C8587 /* main_frame.h */; };
		9A8C8351278458D8000C8587 /* _.h in Headers */ = {isa = PBXBuildFile; fileRef = 9A8C8318278458D6000C8587 /* _.h */; };
		9A8C84B42784BD56000C8587 /* libacme.dylib in Frameworks */ = {isa = PBXBuildFile; fileRef = 9A8C84B32784BD56000C8587 /* libacme.dylib */; };
		9A8C84B62784BD64000C8587 /* libapex.dylib in Frameworks */ = {isa = PBXBuildFile; fileRef = 9A8C84B52784BD64000C8587 /* libapex.dylib */; };
		9A8C84B82784C272000C8587 /* libaqua.dylib in Frameworks */ = {isa = PBXBuildFile; fileRef = 9A8C84B72784C272000C8587 /* libaqua.dylib */; };
		9A8C84BA2784C279000C8587 /* libaura.dylib in Frameworks */ = {isa = PBXBuildFile; fileRef = 9A8C84B92784C279000C8587 /* libaura.dylib */; };
		9A8C84BD2784C2F6000C8587 /* libberg.dylib in Frameworks */ = {isa = PBXBuildFile; fileRef = 9A8C84BC2784C2F6000C8587 /* libberg.dylib */; };
		9A8C84BF2784C328000C8587 /* libaxis.dylib in Frameworks */ = {isa = PBXBuildFile; fileRef = 9A8C84BE2784C328000C8587 /* libaxis.dylib */; };
		9AA22D002F5AE8580024DE76 /* document.h in Headers */ = {isa = PBXBuildFile; fileRef = 9AA22CFE2F5AE8580024DE76 /* document.h */; };
		9AA22D012F5AE8580024DE76 /* document.cpp in Sources */ = {isa = PBXBuildFile; fileRef = 9AA22CFF2F5AE8580024DE76 /* document.cpp */; };
		9AA22D0D2F5AEBCD0024DE76 /* tab_impact.h in Headers */ = {isa = PBXBuildFile; fileRef = 9AA22D0B2F5AEBCD0024DE76 /* tab_impact.h */; };
		9AA22D0E2F5AEBCD0024DE76 /* tab_impact.cpp in Sources */ = {isa = PBXBuildFile; fileRef = 9AA22D0C2F5AEBCD0024DE76 /* tab_impact.cpp */; };
/* End PBXBuildFile section */

/* Begin PBXContainerItemProxy section */
		9AA22CF82F5AE7890024DE76 /* PBXContainerItemProxy */ = {
			isa = PBXContainerItemProxy;
			containerPortal = 9AA40B852F5AE77600E91652 /* berg.xcodeproj */;
			proxyType = 2;
			remoteGlobalIDString = 9AD117F324F51BE400177261;
			remoteInfo = berg;
		};
		9AA22CFA2F5AE7890024DE76 /* PBXContainerItemProxy */ = {
			isa = PBXContainerItemProxy;
			containerPortal = 9AA40B852F5AE77600E91652 /* berg.xcodeproj */;
			proxyType = 2;
			remoteGlobalIDString = 9A93B6FA2846EB33005ACD11;
			remoteInfo = ios_berg;
		};
		9AA22CFC2F5AE79F0024DE76 /* PBXContainerItemProxy */ = {
			isa = PBXContainerItemProxy;
			containerPortal = 9AA40B852F5AE77600E91652 /* berg.xcodeproj */;
			proxyType = 1;
			remoteGlobalIDString = 9AD117F224F51BE400177261;
			remoteInfo = berg;
		};
/* End PBXContainerItemProxy section */

/* Begin PBXFileReference section */
		9A1CEC36285F94CF001ED6E1 /* _factory.cpp */ = {isa = PBXFileReference; fileEncoding = 4; lastKnownFileType = sourcecode.cpp.cpp; path = _factory.cpp; sourceTree = "<group>"; };
		9A54A62B2A2D65590052BAB6 /* _____debug.xcconfig */ = {isa = PBXFileReference; fileEncoding = 4; lastKnownFileType = text.xcconfig; path = "_____debug.xcconfig"; sourceTree = "<group>"; };
		9A54A62D2A2D65590052BAB6 /* _____release.xcconfig */ = {isa = PBXFileReference; fileEncoding = 4; lastKnownFileType = text.xcconfig; path = "_____release.xcconfig"; sourceTree = "<group>"; };
		9A5D24DD2F5B08D800103AC2 /* application.h */ = {isa = PBXFileReference; lastKnownFileType = sourcecode.c.h; path = application.h; sourceTree = "<group>"; };
		9A5D24DE2F5B08D800103AC2 /* application.cpp */ = {isa = PBXFileReference; lastKnownFileType = sourcecode.cpp.cpp; path = application.cpp; sourceTree = "<group>"; };
		9A5D24DF2F5B08D800103AC2 /* incoming_socket.h */ = {isa = PBXFileReference; lastKnownFileType = sourcecode.c.h; path = incoming_socket.h; sourceTree = "<group>"; };
		9A5D24E02F5B08D800103AC2 /* incoming_socket.cpp */ = {isa = PBXFileReference; lastKnownFileType = sourcecode.cpp.cpp; path = incoming_socket.cpp; sourceTree = "<group>"; };
		9A5D24E12F5B08D800103AC2 /* incoming_socket_thread.h */ = {isa = PBXFileReference; lastKnownFileType = sourcecode.c.h; path = incoming_socket_thread.h; sourceTree = "<group>"; };
		9A5D24E22F5B08D800103AC2 /* incoming_socket_thread.cpp */ = {isa = PBXFileReference; lastKnownFileType = sourcecode.cpp.cpp; path = incoming_socket_thread.cpp; sourceTree = "<group>"; };
		9A5D24E32F5B08D800103AC2 /* _.h */ = {isa = PBXFileReference; lastKnownFileType = sourcecode.c.h; path = _.h; sourceTree = "<group>"; };
		9A5D24E42F5B08D800103AC2 /* install_net.h */ = {isa = PBXFileReference; lastKnownFileType = sourcecode.c.h; path = install_net.h; sourceTree = "<group>"; };
		9A5D24E52F5B08D800103AC2 /* socket.h */ = {isa = PBXFileReference; lastKnownFileType = sourcecode.c.h; path = socket.h; sourceTree = "<group>"; };
		9A5D24E62F5B08D800103AC2 /* socket.cpp */ = {isa = PBXFileReference; lastKnownFileType = sourcecode.cpp.cpp; path = socket.cpp; sourceTree = "<group>"; };
		9A8C81A0278457DB000C8587 /* libremoting_notify_node.dylib */ = {isa = PBXFileReference; explicitFileType = "compiled.mach-o.dylib"; includeInIndex = 0; path = libremoting_notify_node.dylib; sourceTree = BUILT_PRODUCTS_DIR; };
		9A8C81D2278458CF000C8587 /* main_frame.cpp */ = {isa = PBXFileReference; fileEncoding = 4; lastKnownFileType = sourcecode.cpp.cpp; path = main_frame.cpp; sourceTree = "<group>"; };
		9A8C81D8278458CF000C8587 /* _main.inl */ = {isa = PBXFileReference; fileEncoding = 4; lastKnownFileType = text; path = _main.inl; sourceTree = "<group>"; };
		9A8C81E2278458D0000C8587 /* framework.cpp */ = {isa = PBXFileReference; fileEncoding = 4; lastKnownFileType = sourcecode.cpp.cpp; path = framework.cpp; sourceTree = "<group>"; };
		9A8C81E3278458D0000C8587 /* application.h */ = {isa = PBXFileReference; fileEncoding = 4; lastKnownFileType = sourcecode.c.h; path = application.h; sourceTree = "<group>"; };
		9A8C829D278458D2000C8587 /* impact.h */ = {isa = PBXFileReference; fileEncoding = 4; lastKnownFileType = sourcecode.c.h; path = impact.h; sourceTree = "<group>"; };
		9A8C82B5278458D3000C8587 /* impact.cpp */ = {isa = PBXFileReference; fileEncoding = 4; lastKnownFileType = sourcecode.cpp.cpp; path = impact.cpp; sourceTree = "<group>"; };
		9A8C82B6278458D3000C8587 /* targetver.h */ = {isa = PBXFileReference; fileEncoding = 4; lastKnownFileType = sourcecode.c.h; path = targetver.h; sourceTree = "<group>"; };
		9A8C82B8278458D3000C8587 /* _.cpp */ = {isa = PBXFileReference; fileEncoding = 4; lastKnownFileType = sourcecode.cpp.cpp; path = _.cpp; sourceTree = "<group>"; };
		9A8C82D3278458D5000C8587 /* framework.h */ = {isa = PBXFileReference; fileEncoding = 4; lastKnownFileType = sourcecode.c.h; path = framework.h; sourceTree = "<group>"; };
		9A8C82D7278458D5000C8587 /* application.cpp */ = {isa = PBXFileReference; fileEncoding = 4; lastKnownFileType = sourcecode.cpp.cpp; path = application.cpp; sourceTree = "<group>"; };
		9A8C830B278458D5000C8587 /* main_frame.h */ = {isa = PBXFileReference; fileEncoding = 4; lastKnownFileType = sourcecode.c.h; path = main_frame.h; sourceTree = "<group>"; };
		9A8C8318278458D6000C8587 /* _.h */ = {isa = PBXFileReference; fileEncoding = 4; lastKnownFileType = sourcecode.c.h; path = _.h; sourceTree = "<group>"; };
		9A8C84B32784BD56000C8587 /* libacme.dylib */ = {isa = PBXFileReference; explicitFileType = "compiled.mach-o.dylib"; path = libacme.dylib; sourceTree = BUILT_PRODUCTS_DIR; };
		9A8C84B52784BD64000C8587 /* libapex.dylib */ = {isa = PBXFileReference; explicitFileType = "compiled.mach-o.dylib"; path = libapex.dylib; sourceTree = BUILT_PRODUCTS_DIR; };
		9A8C84B72784C272000C8587 /* libaqua.dylib */ = {isa = PBXFileReference; explicitFileType = "compiled.mach-o.dylib"; path = libaqua.dylib; sourceTree = BUILT_PRODUCTS_DIR; };
		9A8C84B92784C279000C8587 /* libaura.dylib */ = {isa = PBXFileReference; explicitFileType = "compiled.mach-o.dylib"; path = libaura.dylib; sourceTree = BUILT_PRODUCTS_DIR; };
		9A8C84BC2784C2F6000C8587 /* libberg.dylib */ = {isa = PBXFileReference; explicitFileType = "compiled.mach-o.dylib"; path = libberg.dylib; sourceTree = BUILT_PRODUCTS_DIR; };
		9A8C84BE2784C328000C8587 /* libaxis.dylib */ = {isa = PBXFileReference; explicitFileType = "compiled.mach-o.dylib"; path = libaxis.dylib; sourceTree = BUILT_PRODUCTS_DIR; };
		9AA22CFE2F5AE8580024DE76 /* document.h */ = {isa = PBXFileReference; lastKnownFileType = sourcecode.c.h; path = document.h; sourceTree = "<group>"; };
		9AA22CFF2F5AE8580024DE76 /* document.cpp */ = {isa = PBXFileReference; lastKnownFileType = sourcecode.cpp.cpp; path = document.cpp; sourceTree = "<group>"; };
		9AA22D0B2F5AEBCD0024DE76 /* tab_impact.h */ = {isa = PBXFileReference; lastKnownFileType = sourcecode.c.h; path = tab_impact.h; sourceTree = "<group>"; };
		9AA22D0C2F5AEBCD0024DE76 /* tab_impact.cpp */ = {isa = PBXFileReference; lastKnownFileType = sourcecode.cpp.cpp; path = tab_impact.cpp; sourceTree = "<group>"; };
		9AA40B852F5AE77600E91652 /* berg.xcodeproj */ = {isa = PBXFileReference; lastKnownFileType = "wrapper.pb-project"; name = berg.xcodeproj; path = ../../app/berg/berg.xcodeproj; sourceTree = SOURCE_ROOT; };
/* End PBXFileReference section */

/* Begin PBXFrameworksBuildPhase section */
		9A8C819E278457DB000C8587 /* Frameworks */ = {
			isa = PBXFrameworksBuildPhase;
			buildActionMask = 2147483647;
			files = (
				9A8C84BF2784C328000C8587 /* libaxis.dylib in Frameworks */,
				9A8C84BD2784C2F6000C8587 /* libberg.dylib in Frameworks */,
				9A8C84BA2784C279000C8587 /* libaura.dylib in Frameworks */,
				9A8C84B82784C272000C8587 /* libaqua.dylib in Frameworks */,
				9A8C84B62784BD64000C8587 /* libapex.dylib in Frameworks */,
				9A8C84B42784BD56000C8587 /* libacme.dylib in Frameworks */,
			);
			runOnlyForDeploymentPostprocessing = 0;
		};
/* End PBXFrameworksBuildPhase section */

/* Begin PBXGroup section */
		9A5D24E72F5B08D800103AC2 /* websockets */ = {
			isa = PBXGroup;
			children = (
				9A5D24E32F5B08D800103AC2 /* _.h */,
				9A5D24DD2F5B08D800103AC2 /* application.h */,
				9A5D24DE2F5B08D800103AC2 /* application.cpp */,
				9A5D24DF2F5B08D800103AC2 /* incoming_socket.h */,
				9A5D24E02F5B08D800103AC2 /* incoming_socket.cpp */,
				9A5D24E12F5B08D800103AC2 /* incoming_socket_thread.h */,
				9A5D24E22F5B08D800103AC2 /* incoming_socket_thread.cpp */,
				9A5D24E42F5B08D800103AC2 /* install_net.h */,
				9A5D24E52F5B08D800103AC2 /* socket.h */,
				9A5D24E62F5B08D800103AC2 /* socket.cpp */,
			);
			path = websockets;
			sourceTree = "<group>";
		};
		9A8C8197278457DB000C8587 = {
			isa = PBXGroup;
			children = (
				9AA40B852F5AE77600E91652 /* berg.xcodeproj */,
				9A8C81B7278458CE000C8587 /* remoting_notify_node */,
				9A8C81A1278457DB000C8587 /* Products */,
				9A8C84B22784BD56000C8587 /* Frameworks */,
			);
			sourceTree = "<group>";
		};
		9A8C81A1278457DB000C8587 /* Products */ = {
			isa = PBXGroup;
			children = (
				9A8C81A0278457DB000C8587 /* libremoting_notify_node.dylib */,
			);
			name = Products;
			sourceTree = "<group>";
		};
		9A8C81B7278458CE000C8587 /* remoting_notify_node */ = {
			isa = PBXGroup;
			children = (
				9A5D24E72F5B08D800103AC2 /* websockets */,
				9A54A62B2A2D65590052BAB6 /* _____debug.xcconfig */,
				9A54A62D2A2D65590052BAB6 /* _____release.xcconfig */,
				9A8C82B8278458D3000C8587 /* _.cpp */,
				9A8C8318278458D6000C8587 /* _.h */,
				9A1CEC36285F94CF001ED6E1 /* _factory.cpp */,
				9A8C81D8278458CF000C8587 /* _main.inl */,
				9A8C82D7278458D5000C8587 /* application.cpp */,
				9A8C81E3278458D0000C8587 /* application.h */,
				9AA22CFE2F5AE8580024DE76 /* document.h */,
				9AA22CFF2F5AE8580024DE76 /* document.cpp */,
				9A8C81E2278458D0000C8587 /* framework.cpp */,
				9A8C82D3278458D5000C8587 /* framework.h */,
				9A8C82B5278458D3000C8587 /* impact.cpp */,
				9A8C829D278458D2000C8587 /* impact.h */,
				9A8C81D2278458CF000C8587 /* main_frame.cpp */,
				9A8C830B278458D5000C8587 /* main_frame.h */,
				9AA22D0B2F5AEBCD0024DE76 /* tab_impact.h */,
				9AA22D0C2F5AEBCD0024DE76 /* tab_impact.cpp */,
				9A8C82B6278458D3000C8587 /* targetver.h */,
			);
			name = remoting_notify_node;
			sourceTree = "<group>";
		};
		9A8C84B22784BD56000C8587 /* Frameworks */ = {
			isa = PBXGroup;
			children = (
				9A8C84BE2784C328000C8587 /* libaxis.dylib */,
				9A8C84BC2784C2F6000C8587 /* libberg.dylib */,
				9A8C84B92784C279000C8587 /* libaura.dylib */,
				9A8C84B72784C272000C8587 /* libaqua.dylib */,
				9A8C84B52784BD64000C8587 /* libapex.dylib */,
				9A8C84B32784BD56000C8587 /* libacme.dylib */,
			);
			name = Frameworks;
			sourceTree = "<group>";
		};
		9AA22CF42F5AE7890024DE76 /* Products */ = {
			isa = PBXGroup;
			children = (
				9AA22CF92F5AE7890024DE76 /* libberg.dylib */,
				9AA22CFB2F5AE7890024DE76 /* libios_berg.a */,
			);
			name = Products;
			sourceTree = "<group>";
		};
/* End PBXGroup section */

/* Begin PBXHeadersBuildPhase section */
		9A8C819C278457DB000C8587 /* Headers */ = {
			isa = PBXHeadersBuildPhase;
			buildActionMask = 2147483647;
			files = (
				9AA22D002F5AE8580024DE76 /* document.h in Headers */,
				9A8C8351278458D8000C8587 /* _.h in Headers */,
				9A5D24E82F5B08D800103AC2 /* incoming_socket.h in Headers */,
				9A5D24E92F5B08D800103AC2 /* _.h in Headers */,
				9A5D24EA2F5B08D800103AC2 /* application.h in Headers */,
				9A5D24EB2F5B08D800103AC2 /* install_net.h in Headers */,
				9A5D24ED2F5B08D800103AC2 /* socket.h in Headers */,
				9A5D24EE2F5B08D800103AC2 /* incoming_socket_thread.h in Headers */,
				9A8C832F278458D8000C8587 /* application.h in Headers */,
				9A8C8346278458D8000C8587 /* targetver.h in Headers */,
				9A8C834C278458D8000C8587 /* framework.h in Headers */,
				9A8C8343278458D8000C8587 /* impact.h in Headers */,
				9AA22D0D2F5AEBCD0024DE76 /* tab_impact.h in Headers */,
				9A8C8350278458D8000C8587 /* main_frame.h in Headers */,
			);
			runOnlyForDeploymentPostprocessing = 0;
		};
/* End PBXHeadersBuildPhase section */

/* Begin PBXNativeTarget section */
		9A8C819F278457DB000C8587 /* remoting_notify_node */ = {
			isa = PBXNativeTarget;
			buildConfigurationList = 9A8C81A4278457DB000C8587 /* Build configuration list for PBXNativeTarget "remoting_notify_node" */;
			buildPhases = (
				9A8C819C278457DB000C8587 /* Headers */,
				9A8C819D278457DB000C8587 /* Sources */,
				9A8C819E278457DB000C8587 /* Frameworks */,
				9AB9DDEF2D6E8B8E00B3AF0E /* ShellScript */,
			);
			buildRules = (
			);
			dependencies = (
				9AA22CFD2F5AE79F0024DE76 /* PBXTargetDependency */,
			);
			name = remoting_notify_node;
			productName = remoting_notify_node;
			productReference = 9A8C81A0278457DB000C8587 /* libremoting_notify_node.dylib */;
			productType = "com.apple.product-type.library.dynamic";
		};
/* End PBXNativeTarget section */

/* Begin PBXProject section */
		9A8C8198278457DB000C8587 /* Project object */ = {
			isa = PBXProject;
			attributes = {
				BuildIndependentTargetsInParallel = 1;
				LastUpgradeCheck = 1540;
				ORGANIZATIONNAME = "ca2 Software Development";
				TargetAttributes = {
					9A8C819F278457DB000C8587 = {
						CreatedOnToolsVersion = 13.1;
					};
				};
			};
			buildConfigurationList = 9A8C819B278457DB000C8587 /* Build configuration list for PBXProject "remoting_notify_node" */;
			compatibilityVersion = "Xcode 12.0";
			developmentRegion = en;
			hasScannedForEncodings = 0;
			knownRegions = (
				en,
				Base,
			);
			mainGroup = 9A8C8197278457DB000C8587;
			productRefGroup = 9A8C81A1278457DB000C8587 /* Products */;
			projectDirPath = "";
			projectReferences = (
				{
					ProductGroup = 9AA22CF42F5AE7890024DE76 /* Products */;
					ProjectRef = 9AA40B852F5AE77600E91652 /* berg.xcodeproj */;
				},
			);
			projectRoot = "";
			targets = (
				9A8C819F278457DB000C8587 /* remoting_notify_node */,
			);
		};
/* End PBXProject section */

/* Begin PBXReferenceProxy section */
		9AA22CF92F5AE7890024DE76 /* libberg.dylib */ = {
			isa = PBXReferenceProxy;
			fileType = "compiled.mach-o.dylib";
			path = libberg.dylib;
			remoteRef = 9AA22CF82F5AE7890024DE76 /* PBXContainerItemProxy */;
			sourceTree = BUILT_PRODUCTS_DIR;
		};
		9AA22CFB2F5AE7890024DE76 /* libios_berg.a */ = {
			isa = PBXReferenceProxy;
			fileType = "compiled.mach-o.dylib";
			path = libios_berg.a;
			remoteRef = 9AA22CFA2F5AE7890024DE76 /* PBXContainerItemProxy */;
			sourceTree = BUILT_PRODUCTS_DIR;
		};
/* End PBXReferenceProxy section */

/* Begin PBXShellScriptBuildPhase section */
		9AB9DDEF2D6E8B8E00B3AF0E /* ShellScript */ = {
			isa = PBXShellScriptBuildPhase;
			buildActionMask = 2147483647;
			files = (
			);
			inputFileListPaths = (
			);
			inputPaths = (
				"$(BUILT_PRODUCTS_DIR)/$(EXECUTABLE_NAME)",
				"$(WorkspaceDir)/output_copy.txt",
			);
			outputFileListPaths = (
			);
			outputPaths = (
				"$(WorkspaceDir)/time-$(PLATFORM_MODIFIER)/output/$(EXECUTABLE_NAME)",
			);
			runOnlyForDeploymentPostprocessing = 0;
			shellPath = /bin/sh;
			shellScript = "$HOME/code/operating_system/tool/bin/_on_after_build_dylib\n";
		};
/* End PBXShellScriptBuildPhase section */

/* Begin PBXSourcesBuildPhase section */
		9A8C819D278457DB000C8587 /* Sources */ = {
			isa = PBXSourcesBuildPhase;
			buildActionMask = 2147483647;
			files = (
				9A8C832E278458D8000C8587 /* framework.cpp in Sources */,
				9AA22D012F5AE8580024DE76 /* document.cpp in Sources */,
				9A8C8347278458D8000C8587 /* _.cpp in Sources */,
				9A5D24F02F5B08D800103AC2 /* application.cpp in Sources */,
				9A5D24F12F5B08D800103AC2 /* incoming_socket_thread.cpp in Sources */,
				9A5D24F22F5B08D800103AC2 /* incoming_socket.cpp in Sources */,
				9A5D24F32F5B08D800103AC2 /* socket.cpp in Sources */,
				9AA22D0E2F5AEBCD0024DE76 /* tab_impact.cpp in Sources */,
				9A8C834E278458D8000C8587 /* application.cpp in Sources */,
				9A1CEC38285F94CF001ED6E1 /* _factory.cpp in Sources */,
				9A8C832B278458D8000C8587 /* main_frame.cpp in Sources */,
				9A8C8345278458D8000C8587 /* impact.cpp in Sources */,
			);
			runOnlyForDeploymentPostprocessing = 0;
		};
/* End PBXSourcesBuildPhase section */

/* Begin PBXTargetDependency section */
		9AA22CFD2F5AE79F0024DE76 /* PBXTargetDependency */ = {
			isa = PBXTargetDependency;
			name = berg;
			targetProxy = 9AA22CFC2F5AE79F0024DE76 /* PBXContainerItemProxy */;
		};
/* End PBXTargetDependency section */

/* Begin XCBuildConfiguration section */
		9A8C81A2278457DB000C8587 /* Debug */ = {
			isa = XCBuildConfiguration;
			baseConfigurationReference = 9A54A62D2A2D65590052BAB6 /* _____release.xcconfig */;
			buildSettings = {
				ALWAYS_SEARCH_USER_PATHS = NO;
				ASSETCATALOG_COMPILER_GENERATE_SWIFT_ASSET_SYMBOL_EXTENSIONS = YES;
				BUILD_LIBRARY_FOR_DISTRIBUTION = YES;
				CLANG_ANALYZER_DEADCODE_DEADSTORES = NO;
				CLANG_ANALYZER_LOCALIZABILITY_NONLOCALIZED = YES;
				CLANG_ANALYZER_NONNULL = YES;
				CLANG_ANALYZER_NUMBER_OBJECT_CONVERSION = YES_AGGRESSIVE;
				CLANG_CXX_LANGUAGE_STANDARD = "c++20";
				CLANG_CXX_LIBRARY = "libc++";
				CLANG_ENABLE_OBJC_ARC = YES;
				CLANG_ENABLE_OBJC_WEAK = YES;
				CLANG_STATIC_ANALYZER_MODE_ON_ANALYZE_ACTION = shallow;
				CLANG_WARN_BLOCK_CAPTURE_AUTORELEASING = YES;
				CLANG_WARN_BOOL_CONVERSION = YES;
				CLANG_WARN_COMMA = YES;
				CLANG_WARN_CONSTANT_CONVERSION = YES;
				CLANG_WARN_DEPRECATED_OBJC_IMPLEMENTATIONS = YES;
				CLANG_WARN_DIRECT_OBJC_ISA_USAGE = YES_ERROR;
				CLANG_WARN_DOCUMENTATION_COMMENTS = YES;
				CLANG_WARN_EMPTY_BODY = YES;
				CLANG_WARN_ENUM_CONVERSION = YES;
				CLANG_WARN_INFINITE_RECURSION = YES;
				CLANG_WARN_INT_CONVERSION = YES;
				CLANG_WARN_NON_LITERAL_NULL_CONVERSION = YES;
				CLANG_WARN_OBJC_IMPLICIT_RETAIN_SELF = YES;
				CLANG_WARN_OBJC_LITERAL_CONVERSION = YES;
				CLANG_WARN_OBJC_ROOT_CLASS = YES_ERROR;
				CLANG_WARN_QUOTED_INCLUDE_IN_FRAMEWORK_HEADER = YES;
				CLANG_WARN_RANGE_LOOP_ANALYSIS = YES;
				CLANG_WARN_STRICT_PROTOTYPES = YES;
				CLANG_WARN_SUSPICIOUS_MOVE = YES;
				CLANG_WARN_UNGUARDED_AVAILABILITY = YES_AGGRESSIVE;
				CLANG_WARN_UNREACHABLE_CODE = YES;
				CLANG_WARN__DUPLICATE_METHOD_MATCH = YES;
				COPY_PHASE_STRIP = NO;
				DEAD_CODE_STRIPPING = YES;
				DEBUG_INFORMATION_FORMAT = "dwarf-with-dsym";
				DEPLOYMENT_POSTPROCESSING = YES;
				ENABLE_STRICT_OBJC_MSGSEND = YES;
				ENABLE_TESTABILITY = YES;
				ENABLE_USER_SCRIPT_SANDBOXING = YES;
				EXECUTABLE_PREFIX = lib;
				GCC_C_LANGUAGE_STANDARD = c11;
				GCC_DYNAMIC_NO_PIC = NO;
				GCC_ENABLE_OBJC_EXCEPTIONS = YES;
				GCC_NO_COMMON_BLOCKS = YES;
				GCC_OPTIMIZATION_LEVEL = 0;
				GCC_PRECOMPILE_PREFIX_HEADER = YES;
				GCC_PREFIX_HEADER = framework.h;
				GCC_PREPROCESSOR_DEFINITIONS = _DEBUG;
				GCC_SYMBOLS_PRIVATE_EXTERN = NO;
				GCC_WARN_64_TO_32_BIT_CONVERSION = YES;
				GCC_WARN_ABOUT_RETURN_TYPE = YES_ERROR;
				GCC_WARN_UNDECLARED_SELECTOR = YES;
				GCC_WARN_UNINITIALIZED_AUTOS = YES_AGGRESSIVE;
				GCC_WARN_UNUSED_FUNCTION = YES;
				GCC_WARN_UNUSED_VARIABLE = YES;
				HEADER_SEARCH_PATHS = "";
				INSTALL_PATH = "@executable_path";
				LIBRARY_SEARCH_PATHS = (
					"$(inherited)",
					"$(WorkspaceDir)/../operating_system/storage-$(PLATFORM_MODIFIER)/$(CONFIGURATION)/library",
				);
				MTL_ENABLE_DEBUG_INFO = INCLUDE_SOURCE;
				MTL_FAST_MATH = YES;
				ONLY_ACTIVE_ARCH = YES;
				OTHER_LDFLAGS = "-all_load";
				PLATFORM_MODIFIER = macos;
				PRODUCT_NAME = "$(TARGET_NAME)";
				SDKROOT = macosx;
				SKIP_INSTALL = YES;
				SYSTEM_HEADER_SEARCH_PATHS = (
					"$(WorkspaceDir)/operating_system/operating_system-$(PLATFORM_MODIFIER)/include",
					"$(WorkspaceDir)/operating_system/operating_system-$(PLATFORM_MODIFIER)/configuration",
					"$(WorkspaceDir)/port/include",
					"$(WorkspaceDir)/source/app/include",
				);
				USER_HEADER_SEARCH_PATHS = (
					.,
					"$(WorkspaceDir)/source",
					"$(WorkspaceDir)/source/app",
					"$(WorkspaceDir)/source/app/_include",
					"$(WorkspaceDir)/operating_system",
					"$(WorkspaceDir)/operating_system/operating_system-$(PLATFORM_MODIFIER)",
					"$(WorkspaceDir)/operating_system/operating_system-$(PLATFORM_MODIFIER)/configuration_selection/$(CONFIGURATION)",
					"$(WorkspaceDir)/port/_",
					"$(PROJECT_DIR)",
					"$(PROJECT_DIR)/..",
					"$(PROJECT_DIR)/../..",
					"$(HOME)/sensitive/sensitive/include",
				);
				USE_HEADERMAP = NO;
				WorkspaceDir = "$(SRCROOT)/../../..";
			};
			name = Debug;
		};
		9A8C81A3278457DB000C8587 /* Release */ = {
			isa = XCBuildConfiguration;
			baseConfigurationReference = 9A54A62D2A2D65590052BAB6 /* _____release.xcconfig */;
			buildSettings = {
				ALWAYS_SEARCH_USER_PATHS = NO;
				ASSETCATALOG_COMPILER_GENERATE_SWIFT_ASSET_SYMBOL_EXTENSIONS = YES;
				BUILD_LIBRARY_FOR_DISTRIBUTION = YES;
				CLANG_ANALYZER_DEADCODE_DEADSTORES = NO;
				CLANG_ANALYZER_LOCALIZABILITY_NONLOCALIZED = YES;
				CLANG_ANALYZER_NONNULL = YES;
				CLANG_ANALYZER_NUMBER_OBJECT_CONVERSION = YES_AGGRESSIVE;
				CLANG_CXX_LANGUAGE_STANDARD = "c++20";
				CLANG_CXX_LIBRARY = "libc++";
				CLANG_ENABLE_OBJC_ARC = YES;
				CLANG_ENABLE_OBJC_WEAK = YES;
				CLANG_STATIC_ANALYZER_MODE_ON_ANALYZE_ACTION = shallow;
				CLANG_WARN_BLOCK_CAPTURE_AUTORELEASING = YES;
				CLANG_WARN_BOOL_CONVERSION = YES;
				CLANG_WARN_COMMA = YES;
				CLANG_WARN_CONSTANT_CONVERSION = YES;
				CLANG_WARN_DEPRECATED_OBJC_IMPLEMENTATIONS = YES;
				CLANG_WARN_DIRECT_OBJC_ISA_USAGE = YES_ERROR;
				CLANG_WARN_DOCUMENTATION_COMMENTS = YES;
				CLANG_WARN_EMPTY_BODY = YES;
				CLANG_WARN_ENUM_CONVERSION = YES;
				CLANG_WARN_INFINITE_RECURSION = YES;
				CLANG_WARN_INT_CONVERSION = YES;
				CLANG_WARN_NON_LITERAL_NULL_CONVERSION = YES;
				CLANG_WARN_OBJC_IMPLICIT_RETAIN_SELF = YES;
				CLANG_WARN_OBJC_LITERAL_CONVERSION = YES;
				CLANG_WARN_OBJC_ROOT_CLASS = YES_ERROR;
				CLANG_WARN_QUOTED_INCLUDE_IN_FRAMEWORK_HEADER = YES;
				CLANG_WARN_RANGE_LOOP_ANALYSIS = YES;
				CLANG_WARN_STRICT_PROTOTYPES = YES;
				CLANG_WARN_SUSPICIOUS_MOVE = YES;
				CLANG_WARN_UNGUARDED_AVAILABILITY = YES_AGGRESSIVE;
				CLANG_WARN_UNREACHABLE_CODE = YES;
				CLANG_WARN__DUPLICATE_METHOD_MATCH = YES;
				COPY_PHASE_STRIP = YES;
				DEAD_CODE_STRIPPING = YES;
				DEBUG_INFORMATION_FORMAT = "dwarf-with-dsym";
				DEPLOYMENT_POSTPROCESSING = YES;
				ENABLE_NS_ASSERTIONS = NO;
				ENABLE_STRICT_OBJC_MSGSEND = YES;
				ENABLE_USER_SCRIPT_SANDBOXING = YES;
				EXECUTABLE_PREFIX = lib;
				GCC_C_LANGUAGE_STANDARD = c11;
				GCC_ENABLE_OBJC_EXCEPTIONS = YES;
				GCC_NO_COMMON_BLOCKS = YES;
				GCC_PRECOMPILE_PREFIX_HEADER = YES;
				GCC_PREFIX_HEADER = framework.h;
				GCC_WARN_64_TO_32_BIT_CONVERSION = YES;
				GCC_WARN_ABOUT_RETURN_TYPE = YES_ERROR;
				GCC_WARN_UNDECLARED_SELECTOR = YES;
				GCC_WARN_UNINITIALIZED_AUTOS = YES_AGGRESSIVE;
				GCC_WARN_UNUSED_FUNCTION = YES;
				GCC_WARN_UNUSED_VARIABLE = YES;
				HEADER_SEARCH_PATHS = "";
				INSTALL_PATH = "@executable_path";
				LIBRARY_SEARCH_PATHS = (
					"$(inherited)",
					"$(WorkspaceDir)/../operating_system/storage-$(PLATFORM_MODIFIER)/$(CONFIGURATION)/library",
					"$(WorkspaceDir)/operating_system",
				);
				MTL_ENABLE_DEBUG_INFO = NO;
				MTL_FAST_MATH = YES;
				OTHER_LDFLAGS = "-all_load";
				PLATFORM_MODIFIER = macos;
				PRODUCT_NAME = "$(TARGET_NAME)";
				SDKROOT = macosx;
				SKIP_INSTALL = YES;
				SYSTEM_HEADER_SEARCH_PATHS = (
					"$(WorkspaceDir)/operating_system/operating_system-$(PLATFORM_MODIFIER)/include",
					"$(WorkspaceDir)/operating_system/operating_system-$(PLATFORM_MODIFIER)/configuration",
					"$(WorkspaceDir)/port/include",
					"$(WorkspaceDir)/source/app/include",
				);
				USER_HEADER_SEARCH_PATHS = (
					.,
					"$(WorkspaceDir)/source",
					"$(WorkspaceDir)/source/app",
					"$(WorkspaceDir)/source/app/_include",
					"$(WorkspaceDir)/operating_system",
					"$(WorkspaceDir)/operating_system/operating_system-$(PLATFORM_MODIFIER)",
					"$(WorkspaceDir)/operating_system/operating_system-$(PLATFORM_MODIFIER)/configuration_selection/$(CONFIGURATION)",
					"$(WorkspaceDir)/port/_",
					"$(PROJECT_DIR)",
					"$(PROJECT_DIR)/..",
					"$(PROJECT_DIR)/../..",
					"$(HOME)/sensitive/sensitive/include",
				);
				USE_HEADERMAP = NO;
				VALIDATE_PRODUCT = YES;
				WorkspaceDir = "$(SRCROOT)/../../..";
			};
			name = Release;
		};
		9A8C81A5278457DB000C8587 /* Debug */ = {
			isa = XCBuildConfiguration;
			buildSettings = {
				CODE_SIGN_IDENTITY = "Mac Developer";
				CODE_SIGN_STYLE = Automatic;
				ENABLE_HARDENED_RUNTIME = YES;
				EXECUTABLE_EXTENSION = dylib;
				MACH_O_TYPE = mh_dylib;
				PLATFORM_MODIFIER = macos;
				PROVISIONING_PROFILE_SPECIFIER = "";
				SDKROOT = macosx;
			};
			name = Debug;
		};
		9A8C81A6278457DB000C8587 /* Release */ = {
			isa = XCBuildConfiguration;
			buildSettings = {
				CODE_SIGN_IDENTITY = "Mac Developer";
				CODE_SIGN_STYLE = Automatic;
				ENABLE_HARDENED_RUNTIME = YES;
				EXECUTABLE_EXTENSION = dylib;
				MACH_O_TYPE = mh_dylib;
				PLATFORM_MODIFIER = macos;
				PROVISIONING_PROFILE_SPECIFIER = "";
				SDKROOT = macosx;
			};
			name = Release;
		};
/* End XCBuildConfiguration section */

/* Begin XCConfigurationList section */
		9A8C819B278457DB000C8587 /* Build configuration list for PBXProject "remoting_notify_node" */ = {
			isa = XCConfigurationList;
			buildConfigurations = (
				9A8C81A2278457DB000C8587 /* Debug */,
				9A8C81A3278457DB000C8587 /* Release */,
			);
			defaultConfigurationIsVisible = 0;
			defaultConfigurationName = Release;
		};
		9A8C81A4278457DB000C8587 /* Build configuration list for PBXNativeTarget "remoting_notify_node" */ = {
			isa = XCConfigurationList;
			buildConfigurations = (
				9A8C81A5278457DB000C8587 /* Debug */,
				9A8C81A6278457DB000C8587 /* Release */,
			);
			defaultConfigurationIsVisible = 0;
			defaultConfigurationName = Release;
		};
/* End XCConfigurationList section */
	};
	rootObject = 9A8C8198278457DB000C8587 /* Project object */;
}
